
Microsoft Visual Studio Solution File, Format Version 12.00
# Visual Studio Version 17
VisualStudioVersion = 17.5.33627.172
MinimumVisualStudioVersion = 10.0.40219.1
Project("{FAE04EC0-301F-11D3-BF4B-00C04F79EFBC}") = "EmployeesSalary", "EmployeesSalary\EmployeesSalary.csproj", "{712DB887-8338-4C0B-8A5C-E405DB5C72DE}"
EndProject
Global
	GlobalSection(SolutionConfigurationPlatforms) = preSolution
		Debug|Any CPU = Debug|Any CPU
		Release|Any CPU = Release|Any CPU
	EndGlobalSection
	GlobalSection(ProjectConfigurationPlatforms) = postSolution
		{712DB887-8338-4C0B-8A5C-E405DB5C72DE}.Debug|Any CPU.ActiveCfg = Debug|Any CPU
		{712DB887-8338-4C0B-8A5C-E405DB5C72DE}.Debug|Any CPU.Build.0 = Debug|Any CPU
		{712DB887-8338-4C0B-8A5C-E405DB5C72DE}.Release|Any CPU.ActiveCfg = Release|Any CPU
		{712DB887-8338-4C0B-8A5C-E405DB5C72DE}.Release|Any CPU.Build.0 = Release|Any CPU
	EndGlobalSection
	GlobalSection(SolutionProperties) = preSolution
		HideSolutionNode = FALSE
	EndGlobalSection
	GlobalSection(ExtensibilityGlobals) = postSolution
		SolutionGuid = {46CAC04F-5BE2-4E44-9739-28DED4A57BCB}
	EndGlobalSection
EndGlobal
